// !$*UTF8*$!
{
	archiveVersion = 1;
	classes = {
	};
	objectVersion = 52;
	objects = {

/* Begin PBXBuildFile section */
		E8127BD026DBF98600F073BD /* HomeViewController.swift in Sources */ = {isa = PBXBuildFile; fileRef = E8127BCF26DBF98600F073BD /* HomeViewController.swift */; };
		E8127BDF26DC014F00F073BD /* DessertCell.swift in Sources */ = {isa = PBXBuildFile; fileRef = E8127BDE26DC014F00F073BD /* DessertCell.swift */; };
		E8127BE626DC33BB00F073BD /* Dessert.swift in Sources */ = {isa = PBXBuildFile; fileRef = E8127BE526DC33BB00F073BD /* Dessert.swift */; };
		E8146C9F26DE524600101F58 /* AddDessertViewController.swift in Sources */ = {isa = PBXBuildFile; fileRef = E8146C9E26DE524600101F58 /* AddDessertViewController.swift */; };
		E8146CA226DE5A8E00101F58 /* DetailDessertViewController.swift in Sources */ = {isa = PBXBuildFile; fileRef = E8146CA126DE5A8E00101F58 /* DetailDessertViewController.swift */; };
		E82575EA26E61999002CE261 /* FavoriteDessertCell.swift in Sources */ = {isa = PBXBuildFile; fileRef = E82575E926E61999002CE261 /* FavoriteDessertCell.swift */; };
		E82575ED26E621E9002CE261 /* ImageDessertViewController.swift in Sources */ = {isa = PBXBuildFile; fileRef = E82575EC26E621E9002CE261 /* ImageDessertViewController.swift */; };
		E82D12A026DBCA6F00449161 /* AppDelegate.swift in Sources */ = {isa = PBXBuildFile; fileRef = E82D129F26DBCA6F00449161 /* AppDelegate.swift */; };
		E82D12A226DBCA6F00449161 /* SceneDelegate.swift in Sources */ = {isa = PBXBuildFile; fileRef = E82D12A126DBCA6F00449161 /* SceneDelegate.swift */; };
		E82D12A926DBCA7800449161 /* Assets.xcassets in Resources */ = {isa = PBXBuildFile; fileRef = E82D12A826DBCA7800449161 /* Assets.xcassets */; };
		E82D12AC26DBCA7800449161 /* LaunchScreen.storyboard in Resources */ = {isa = PBXBuildFile; fileRef = E82D12AA26DBCA7800449161 /* LaunchScreen.storyboard */; };
		E853E45D26E3B65C007AA0B5 /* HomeViewModel.swift in Sources */ = {isa = PBXBuildFile; fileRef = E853E45C26E3B65C007AA0B5 /* HomeViewModel.swift */; };
		E853E46526E3B9C2007AA0B5 /* AddDessertViewModel.swift in Sources */ = {isa = PBXBuildFile; fileRef = E853E46426E3B9C2007AA0B5 /* AddDessertViewModel.swift */; };
		E853E46826E3B9DD007AA0B5 /* DetailDessertViewModel.swift in Sources */ = {isa = PBXBuildFile; fileRef = E853E46726E3B9DD007AA0B5 /* DetailDessertViewModel.swift */; };
		E861BE5E26E77E1900FBC720 /* DeclarativeLayout in Frameworks */ = {isa = PBXBuildFile; productRef = E861BE5D26E77E1900FBC720 /* DeclarativeLayout */; };
		E86F3B8F26EA25CD0058B7FF /* UIImageExtension.swift in Sources */ = {isa = PBXBuildFile; fileRef = E86F3B8E26EA25CD0058B7FF /* UIImageExtension.swift */; };
		E886D18726E500E6009156FD /* FavoriteViewController.swift in Sources */ = {isa = PBXBuildFile; fileRef = E886D18626E500E6009156FD /* FavoriteViewController.swift */; };
		E8CE7FAD26DFA31C00008601 /* Alerts.swift in Sources */ = {isa = PBXBuildFile; fileRef = E8CE7FAC26DFA31C00008601 /* Alerts.swift */; };
/* End PBXBuildFile section */

/* Begin PBXFileReference section */
		E8127BCF26DBF98600F073BD /* HomeViewController.swift */ = {isa = PBXFileReference; lastKnownFileType = sourcecode.swift; path = HomeViewController.swift; sourceTree = "<group>"; };
		E8127BDE26DC014F00F073BD /* DessertCell.swift */ = {isa = PBXFileReference; lastKnownFileType = sourcecode.swift; path = DessertCell.swift; sourceTree = "<group>"; };
		E8127BE526DC33BB00F073BD /* Dessert.swift */ = {isa = PBXFileReference; lastKnownFileType = sourcecode.swift; path = Dessert.swift; sourceTree = "<group>"; };
		E8146C9E26DE524600101F58 /* AddDessertViewController.swift */ = {isa = PBXFileReference; lastKnownFileType = sourcecode.swift; path = AddDessertViewController.swift; sourceTree = "<group>"; };
		E8146CA126DE5A8E00101F58 /* DetailDessertViewController.swift */ = {isa = PBXFileReference; lastKnownFileType = sourcecode.swift; path = DetailDessertViewController.swift; sourceTree = "<group>"; };
		E82575E926E61999002CE261 /* FavoriteDessertCell.swift */ = {isa = PBXFileReference; lastKnownFileType = sourcecode.swift; path = FavoriteDessertCell.swift; sourceTree = "<group>"; };
		E82575EC26E621E9002CE261 /* ImageDessertViewController.swift */ = {isa = PBXFileReference; lastKnownFileType = sourcecode.swift; path = ImageDessertViewController.swift; sourceTree = "<group>"; };
		E82D129C26DBCA6F00449161 /* FamousDesserts.app */ = {isa = PBXFileReference; explicitFileType = wrapper.application; includeInIndex = 0; path = FamousDesserts.app; sourceTree = BUILT_PRODUCTS_DIR; };
		E82D129F26DBCA6F00449161 /* AppDelegate.swift */ = {isa = PBXFileReference; lastKnownFileType = sourcecode.swift; path = AppDelegate.swift; sourceTree = "<group>"; };
		E82D12A126DBCA6F00449161 /* SceneDelegate.swift */ = {isa = PBXFileReference; lastKnownFileType = sourcecode.swift; path = SceneDelegate.swift; sourceTree = "<group>"; };
		E82D12A826DBCA7800449161 /* Assets.xcassets */ = {isa = PBXFileReference; lastKnownFileType = folder.assetcatalog; path = Assets.xcassets; sourceTree = "<group>"; };
		E82D12AB26DBCA7800449161 /* Base */ = {isa = PBXFileReference; lastKnownFileType = file.storyboard; name = Base; path = Base.lproj/LaunchScreen.storyboard; sourceTree = "<group>"; };
		E82D12AD26DBCA7800449161 /* Info.plist */ = {isa = PBXFileReference; lastKnownFileType = text.plist.xml; path = Info.plist; sourceTree = "<group>"; };
		E853E45C26E3B65C007AA0B5 /* HomeViewModel.swift */ = {isa = PBXFileReference; lastKnownFileType = sourcecode.swift; path = HomeViewModel.swift; sourceTree = "<group>"; };
		E853E46426E3B9C2007AA0B5 /* AddDessertViewModel.swift */ = {isa = PBXFileReference; lastKnownFileType = sourcecode.swift; path = AddDessertViewModel.swift; sourceTree = "<group>"; };
		E853E46726E3B9DD007AA0B5 /* DetailDessertViewModel.swift */ = {isa = PBXFileReference; lastKnownFileType = sourcecode.swift; path = DetailDessertViewModel.swift; sourceTree = "<group>"; };
		E86F3B8E26EA25CD0058B7FF /* UIImageExtension.swift */ = {isa = PBXFileReference; lastKnownFileType = sourcecode.swift; path = UIImageExtension.swift; sourceTree = "<group>"; };
		E886D18626E500E6009156FD /* FavoriteViewController.swift */ = {isa = PBXFileReference; lastKnownFileType = sourcecode.swift; path = FavoriteViewController.swift; sourceTree = "<group>"; };
		E8CE7FAC26DFA31C00008601 /* Alerts.swift */ = {isa = PBXFileReference; lastKnownFileType = sourcecode.swift; path = Alerts.swift; sourceTree = "<group>"; };
/* End PBXFileReference section */

/* Begin PBXFrameworksBuildPhase section */
		E82D129926DBCA6F00449161 /* Frameworks */ = {
			isa = PBXFrameworksBuildPhase;
			buildActionMask = 2147483647;
			files = (
				E861BE5E26E77E1900FBC720 /* DeclarativeLayout in Frameworks */,
			);
			runOnlyForDeploymentPostprocessing = 0;
		};
/* End PBXFrameworksBuildPhase section */

/* Begin PBXGroup section */
		E8127BCE26DBF97600F073BD /* ViewControllers */ = {
			isa = PBXGroup;
			children = (
				E8127BCF26DBF98600F073BD /* HomeViewController.swift */,
				E8146C9E26DE524600101F58 /* AddDessertViewController.swift */,
				E8146CA126DE5A8E00101F58 /* DetailDessertViewController.swift */,
				E886D18626E500E6009156FD /* FavoriteViewController.swift */,
				E82575EC26E621E9002CE261 /* ImageDessertViewController.swift */,
			);
			path = ViewControllers;
			sourceTree = "<group>";
		};
		E8127BDD26DC013F00F073BD /* Cell */ = {
			isa = PBXGroup;
			children = (
				E8127BDE26DC014F00F073BD /* DessertCell.swift */,
				E82575E926E61999002CE261 /* FavoriteDessertCell.swift */,
			);
			path = Cell;
			sourceTree = "<group>";
		};
		E8127BE226DC022B00F073BD /* Base */ = {
			isa = PBXGroup;
			children = (
				E82D129F26DBCA6F00449161 /* AppDelegate.swift */,
				E82D12A126DBCA6F00449161 /* SceneDelegate.swift */,
			);
			path = Base;
			sourceTree = "<group>";
		};
		E8127BE426DC33B000F073BD /* Model */ = {
			isa = PBXGroup;
			children = (
				E8127BE526DC33BB00F073BD /* Dessert.swift */,
			);
			path = Model;
			sourceTree = "<group>";
		};
		E82D129326DBCA6F00449161 = {
			isa = PBXGroup;
			children = (
				E82D129E26DBCA6F00449161 /* FamousDesserts */,
				E82D129D26DBCA6F00449161 /* Products */,
			);
			sourceTree = "<group>";
		};
		E82D129D26DBCA6F00449161 /* Products */ = {
			isa = PBXGroup;
			children = (
				E82D129C26DBCA6F00449161 /* FamousDesserts.app */,
			);
			name = Products;
			sourceTree = "<group>";
		};
		E82D129E26DBCA6F00449161 /* FamousDesserts */ = {
			isa = PBXGroup;
			children = (
				E86F3B8D26EA25B70058B7FF /* Extensions */,
				E853E45B26E3B649007AA0B5 /* ViewModels */,
				E8CE7FB026DFA69400008601 /* Alert */,
				E8127BE426DC33B000F073BD /* Model */,
				E8127BE226DC022B00F073BD /* Base */,
				E8127BDD26DC013F00F073BD /* Cell */,
				E8127BCE26DBF97600F073BD /* ViewControllers */,
				E82D12A826DBCA7800449161 /* Assets.xcassets */,
				E82D12AA26DBCA7800449161 /* LaunchScreen.storyboard */,
				E82D12AD26DBCA7800449161 /* Info.plist */,
			);
			path = FamousDesserts;
			sourceTree = "<group>";
		};
		E853E45B26E3B649007AA0B5 /* ViewModels */ = {
			isa = PBXGroup;
			children = (
				E853E45C26E3B65C007AA0B5 /* HomeViewModel.swift */,
				E853E46426E3B9C2007AA0B5 /* AddDessertViewModel.swift */,
				E853E46726E3B9DD007AA0B5 /* DetailDessertViewModel.swift */,
			);
			path = ViewModels;
			sourceTree = "<group>";
		};
		E86F3B8D26EA25B70058B7FF /* Extensions */ = {
			isa = PBXGroup;
			children = (
				E86F3B8E26EA25CD0058B7FF /* UIImageExtension.swift */,
			);
			path = Extensions;
			sourceTree = "<group>";
		};
		E8CE7FB026DFA69400008601 /* Alert */ = {
			isa = PBXGroup;
			children = (
				E8CE7FAC26DFA31C00008601 /* Alerts.swift */,
			);
			path = Alert;
			sourceTree = "<group>";
		};
/* End PBXGroup section */

/* Begin PBXNativeTarget section */
		E82D129B26DBCA6F00449161 /* FamousDesserts */ = {
			isa = PBXNativeTarget;
			buildConfigurationList = E82D12B026DBCA7800449161 /* Build configuration list for PBXNativeTarget "FamousDesserts" */;
			buildPhases = (
				E82D129826DBCA6F00449161 /* Sources */,
				E82D129926DBCA6F00449161 /* Frameworks */,
				E82D129A26DBCA6F00449161 /* Resources */,
			);
			buildRules = (
			);
			dependencies = (
			);
			name = FamousDesserts;
			packageProductDependencies = (
				E861BE5D26E77E1900FBC720 /* DeclarativeLayout */,
			);
			productName = FamousDesserts;
			productReference = E82D129C26DBCA6F00449161 /* FamousDesserts.app */;
			productType = "com.apple.product-type.application";
		};
/* End PBXNativeTarget section */

/* Begin PBXProject section */
		E82D129426DBCA6F00449161 /* Project object */ = {
			isa = PBXProject;
			attributes = {
				LastSwiftUpdateCheck = 1240;
				LastUpgradeCheck = 1240;
				TargetAttributes = {
					E82D129B26DBCA6F00449161 = {
						CreatedOnToolsVersion = 12.4;
					};
				};
			};
			buildConfigurationList = E82D129726DBCA6F00449161 /* Build configuration list for PBXProject "FamousDesserts" */;
			compatibilityVersion = "Xcode 9.3";
			developmentRegion = en;
			hasScannedForEncodings = 0;
			knownRegions = (
				en,
				Base,
			);
			mainGroup = E82D129326DBCA6F00449161;
			packageReferences = (
				E861BE5C26E77E1900FBC720 /* XCRemoteSwiftPackageReference "DeclarativeLayout" */,
			);
			productRefGroup = E82D129D26DBCA6F00449161 /* Products */;
			projectDirPath = "";
			projectRoot = "";
			targets = (
				E82D129B26DBCA6F00449161 /* FamousDesserts */,
			);
		};
/* End PBXProject section */

/* Begin PBXResourcesBuildPhase section */
		E82D129A26DBCA6F00449161 /* Resources */ = {
			isa = PBXResourcesBuildPhase;
			buildActionMask = 2147483647;
			files = (
				E82D12AC26DBCA7800449161 /* LaunchScreen.storyboard in Resources */,
				E82D12A926DBCA7800449161 /* Assets.xcassets in Resources */,
			);
			runOnlyForDeploymentPostprocessing = 0;
		};
/* End PBXResourcesBuildPhase section */

/* Begin PBXSourcesBuildPhase section */
		E82D129826DBCA6F00449161 /* Sources */ = {
			isa = PBXSourcesBuildPhase;
			buildActionMask = 2147483647;
			files = (
				E8127BE626DC33BB00F073BD /* Dessert.swift in Sources */,
				E853E45D26E3B65C007AA0B5 /* HomeViewModel.swift in Sources */,
				E82D12A026DBCA6F00449161 /* AppDelegate.swift in Sources */,
				E886D18726E500E6009156FD /* FavoriteViewController.swift in Sources */,
				E853E46526E3B9C2007AA0B5 /* AddDessertViewModel.swift in Sources */,
				E82575EA26E61999002CE261 /* FavoriteDessertCell.swift in Sources */,
				E853E46826E3B9DD007AA0B5 /* DetailDessertViewModel.swift in Sources */,
				E8CE7FAD26DFA31C00008601 /* Alerts.swift in Sources */,
				E86F3B8F26EA25CD0058B7FF /* UIImageExtension.swift in Sources */,
				E8146CA226DE5A8E00101F58 /* DetailDessertViewController.swift in Sources */,
				E82D12A226DBCA6F00449161 /* SceneDelegate.swift in Sources */,
				E8127BDF26DC014F00F073BD /* DessertCell.swift in Sources */,
				E8127BD026DBF98600F073BD /* HomeViewController.swift in Sources */,
				E82575ED26E621E9002CE261 /* ImageDessertViewController.swift in Sources */,
				E8146C9F26DE524600101F58 /* AddDessertViewController.swift in Sources */,
			);
			runOnlyForDeploymentPostprocessing = 0;
		};
/* End PBXSourcesBuildPhase section */

/* Begin PBXVariantGroup section */
		E82D12AA26DBCA7800449161 /* LaunchScreen.storyboard */ = {
			isa = PBXVariantGroup;
			children = (
				E82D12AB26DBCA7800449161 /* Base */,
			);
			name = LaunchScreen.storyboard;
			sourceTree = "<group>";
		};
/* End PBXVariantGroup section */

/* Begin XCBuildConfiguration section */
		E82D12AE26DBCA7800449161 /* Debug */ = {
			isa = XCBuildConfiguration;
			buildSettings = {
				ALWAYS_SEARCH_USER_PATHS = NO;
				CLANG_ANALYZER_NONNULL = YES;
				CLANG_ANALYZER_NUMBER_OBJECT_CONVERSION = YES_AGGRESSIVE;
				CLANG_CXX_LANGUAGE_STANDARD = "gnu++14";
				CLANG_CXX_LIBRARY = "libc++";
				CLANG_ENABLE_MODULES = YES;
				CLANG_ENABLE_OBJC_ARC = YES;
				CLANG_ENABLE_OBJC_WEAK = YES;
				CLANG_WARN_BLOCK_CAPTURE_AUTORELEASING = YES;
				CLANG_WARN_BOOL_CONVERSION = YES;
				CLANG_WARN_COMMA = YES;
				CLANG_WARN_CONSTANT_CONVERSION = YES;
				CLANG_WARN_DEPRECATED_OBJC_IMPLEMENTATIONS = YES;
				CLANG_WARN_DIRECT_OBJC_ISA_USAGE = YES_ERROR;
				CLANG_WARN_DOCUMENTATION_COMMENTS = YES;
				CLANG_WARN_EMPTY_BODY = YES;
				CLANG_WARN_ENUM_CONVERSION = YES;
				CLANG_WARN_INFINITE_RECURSION = YES;
				CLANG_WARN_INT_CONVERSION = YES;
				CLANG_WARN_NON_LITERAL_NULL_CONVERSION = YES;
				CLANG_WARN_OBJC_IMPLICIT_RETAIN_SELF = YES;
				CLANG_WARN_OBJC_LITERAL_CONVERSION = YES;
				CLANG_WARN_OBJC_ROOT_CLASS = YES_ERROR;
				CLANG_WARN_QUOTED_INCLUDE_IN_FRAMEWORK_HEADER = YES;
				CLANG_WARN_RANGE_LOOP_ANALYSIS = YES;
				CLANG_WARN_STRICT_PROTOTYPES = YES;
				CLANG_WARN_SUSPICIOUS_MOVE = YES;
				CLANG_WARN_UNGUARDED_AVAILABILITY = YES_AGGRESSIVE;
				CLANG_WARN_UNREACHABLE_CODE = YES;
				CLANG_WARN__DUPLICATE_METHOD_MATCH = YES;
				COPY_PHASE_STRIP = NO;
				DEBUG_INFORMATION_FORMAT = dwarf;
				ENABLE_STRICT_OBJC_MSGSEND = YES;
				ENABLE_TESTABILITY = YES;
				GCC_C_LANGUAGE_STANDARD = gnu11;
				GCC_DYNAMIC_NO_PIC = NO;
				GCC_NO_COMMON_BLOCKS = YES;
				GCC_OPTIMIZATION_LEVEL = 0;
				GCC_PREPROCESSOR_DEFINITIONS = (
					"DEBUG=1",
					"$(inherited)",
				);
				GCC_WARN_64_TO_32_BIT_CONVERSION = YES;
				GCC_WARN_ABOUT_RETURN_TYPE = YES_ERROR;
				GCC_WARN_UNDECLARED_SELECTOR = YES;
				GCC_WARN_UNINITIALIZED_AUTOS = YES_AGGRESSIVE;
				GCC_WARN_UNUSED_FUNCTION = YES;
				GCC_WARN_UNUSED_VARIABLE = YES;
				IPHONEOS_DEPLOYMENT_TARGET = 14.4;
				MTL_ENABLE_DEBUG_INFO = INCLUDE_SOURCE;
				MTL_FAST_MATH = YES;
				ONLY_ACTIVE_ARCH = YES;
				SDKROOT = iphoneos;
				SWIFT_ACTIVE_COMPILATION_CONDITIONS = DEBUG;
				SWIFT_OPTIMIZATION_LEVEL = "-Onone";
			};
			name = Debug;
		};
		E82D12AF26DBCA7800449161 /* Release */ = {
			isa = XCBuildConfiguration;
			buildSettings = {
				ALWAYS_SEARCH_USER_PATHS = NO;
				CLANG_ANALYZER_NONNULL = YES;
				CLANG_ANALYZER_NUMBER_OBJECT_CONVERSION = YES_AGGRESSIVE;
				CLANG_CXX_LANGUAGE_STANDARD = "gnu++14";
				CLANG_CXX_LIBRARY = "libc++";
				CLANG_ENABLE_MODULES = YES;
				CLANG_ENABLE_OBJC_ARC = YES;
				CLANG_ENABLE_OBJC_WEAK = YES;
				CLANG_WARN_BLOCK_CAPTURE_AUTORELEASING = YES;
				CLANG_WARN_BOOL_CONVERSION = YES;
				CLANG_WARN_COMMA = YES;
				CLANG_WARN_CONSTANT_CONVERSION = YES;
				CLANG_WARN_DEPRECATED_OBJC_IMPLEMENTATIONS = YES;
				CLANG_WARN_DIRECT_OBJC_ISA_USAGE = YES_ERROR;
				CLANG_WARN_DOCUMENTATION_COMMENTS = YES;
				CLANG_WARN_EMPTY_BODY = YES;
				CLANG_WARN_ENUM_CONVERSION = YES;
				CLANG_WARN_INFINITE_RECURSION = YES;
				CLANG_WARN_INT_CONVERSION = YES;
				CLANG_WARN_NON_LITERAL_NULL_CONVERSION = YES;
				CLANG_WARN_OBJC_IMPLICIT_RETAIN_SELF = YES;
				CLANG_WARN_OBJC_LITERAL_CONVERSION = YES;
				CLANG_WARN_OBJC_ROOT_CLASS = YES_ERROR;
				CLANG_WARN_QUOTED_INCLUDE_IN_FRAMEWORK_HEADER = YES;
				CLANG_WARN_RANGE_LOOP_ANALYSIS = YES;
				CLANG_WARN_STRICT_PROTOTYPES = YES;
				CLANG_WARN_SUSPICIOUS_MOVE = YES;
				CLANG_WARN_UNGUARDED_AVAILABILITY = YES_AGGRESSIVE;
				CLANG_WARN_UNREACHABLE_CODE = YES;
				CLANG_WARN__DUPLICATE_METHOD_MATCH = YES;
				COPY_PHASE_STRIP = NO;
				DEBUG_INFORMATION_FORMAT = "dwarf-with-dsym";
				ENABLE_NS_ASSERTIONS = NO;
				ENABLE_STRICT_OBJC_MSGSEND = YES;
				GCC_C_LANGUAGE_STANDARD = gnu11;
				GCC_NO_COMMON_BLOCKS = YES;
				GCC_WARN_64_TO_32_BIT_CONVERSION = YES;
				GCC_WARN_ABOUT_RETURN_TYPE = YES_ERROR;
				GCC_WARN_UNDECLARED_SELECTOR = YES;
				GCC_WARN_UNINITIALIZED_AUTOS = YES_AGGRESSIVE;
				GCC_WARN_UNUSED_FUNCTION = YES;
				GCC_WARN_UNUSED_VARIABLE = YES;
				IPHONEOS_DEPLOYMENT_TARGET = 14.4;
				MTL_ENABLE_DEBUG_INFO = NO;
				MTL_FAST_MATH = YES;
				SDKROOT = iphoneos;
				SWIFT_COMPILATION_MODE = wholemodule;
				SWIFT_OPTIMIZATION_LEVEL = "-O";
				VALIDATE_PRODUCT = YES;
			};
			name = Release;
		};
		E82D12B126DBCA7800449161 /* Debug */ = {
			isa = XCBuildConfiguration;
			buildSettings = {
				ASSETCATALOG_COMPILER_APPICON_NAME = AppIcon;
				ASSETCATALOG_COMPILER_GLOBAL_ACCENT_COLOR_NAME = AccentColor;
				CODE_SIGN_STYLE = Automatic;
				DEVELOPMENT_TEAM = 29JK24NZ4B;
				INFOPLIST_FILE = FamousDesserts/Info.plist;
				IPHONEOS_DEPLOYMENT_TARGET = 13.0;
				LD_RUNPATH_SEARCH_PATHS = (
					"$(inherited)",
					"@executable_path/Frameworks",
				);
				PRODUCT_BUNDLE_IDENTIFIER = com.MineRala.FamousDesserts;
				PRODUCT_NAME = "$(TARGET_NAME)";
				SWIFT_VERSION = 5.0;
				TARGETED_DEVICE_FAMILY = "1,2";
			};
			name = Debug;
		};
		E82D12B226DBCA7800449161 /* Release */ = {
			isa = XCBuildConfiguration;
			buildSettings = {
				ASSETCATALOG_COMPILER_APPICON_NAME = AppIcon;
				ASSETCATALOG_COMPILER_GLOBAL_ACCENT_COLOR_NAME = AccentColor;
				CODE_SIGN_STYLE = Automatic;
				DEVELOPMENT_TEAM = 29JK24NZ4B;
				INFOPLIST_FILE = FamousDesserts/Info.plist;
				IPHONEOS_DEPLOYMENT_TARGET = 13.0;
				LD_RUNPATH_SEARCH_PATHS = (
					"$(inherited)",
					"@executable_path/Frameworks",
				);
				PRODUCT_BUNDLE_IDENTIFIER = com.MineRala.FamousDesserts;
				PRODUCT_NAME = "$(TARGET_NAME)";
				SWIFT_VERSION = 5.0;
				TARGETED_DEVICE_FAMILY = "1,2";
			};
			name = Release;
		};
/* End XCBuildConfiguration section */

/* Begin XCConfigurationList section */
		E82D129726DBCA6F00449161 /* Build configuration list for PBXProject "FamousDesserts" */ = {
			isa = XCConfigurationList;
			buildConfigurations = (
				E82D12AE26DBCA7800449161 /* Debug */,
				E82D12AF26DBCA7800449161 /* Release */,
			);
			defaultConfigurationIsVisible = 0;
			defaultConfigurationName = Release;
		};
		E82D12B026DBCA7800449161 /* Build configuration list for PBXNativeTarget "FamousDesserts" */ = {
			isa = XCConfigurationList;
			buildConfigurations = (
				E82D12B126DBCA7800449161 /* Debug */,
				E82D12B226DBCA7800449161 /* Release */,
			);
			defaultConfigurationIsVisible = 0;
			defaultConfigurationName = Release;
		};
/* End XCConfigurationList section */

/* Begin XCRemoteSwiftPackageReference section */
		E861BE5C26E77E1900FBC720 /* XCRemoteSwiftPackageReference "DeclarativeLayout" */ = {
			isa = XCRemoteSwiftPackageReference;
			repositoryURL = "https://github.com/aybekckaya/DeclarativeLayout.git";
			requirement = {
				kind = upToNextMajorVersion;
				minimumVersion = 1.0.0;
			};
		};
/* End XCRemoteSwiftPackageReference section */

/* Begin XCSwiftPackageProductDependency section */
		E861BE5D26E77E1900FBC720 /* DeclarativeLayout */ = {
			isa = XCSwiftPackageProductDependency;
			package = E861BE5C26E77E1900FBC720 /* XCRemoteSwiftPackageReference "DeclarativeLayout" */;
			productName = DeclarativeLayout;
		};
/* End XCSwiftPackageProductDependency section */
	};
	rootObject = E82D129426DBCA6F00449161 /* Project object */;
}
